
Microsoft Visual Studio Solution File, Format Version 12.00
# Visual Studio Version 17
VisualStudioVersion = 17.0.31903.59
MinimumVisualStudioVersion = 10.0.40219.1
Project("{2150E333-8FDC-42A3-9474-1A3956D46DE8}") = "src", "src", "{827E0CD3-B72D-47B6-A68D-7590B98EB39B}"
EndProject
Project("{FAE04EC0-301F-11D3-BF4B-00C04F79EFBC}") = "Game.Api", "src\Game.Api\Game.Api.csproj", "{6BD52022-6D81-4301-8C86-8E1E5102DB1A}"
EndProject
Project("{FAE04EC0-301F-11D3-BF4B-00C04F79EFBC}") = "Game.Application", "src\Game.Application\Game.Application.csproj", "{643DC7D6-1A56-4EC3-8787-603574E8B61F}"
EndProject
Project("{FAE04EC0-301F-11D3-BF4B-00C04F79EFBC}") = "Game.Domain", "src\Game.Domain\Game.Domain.csproj", "{07B06F30-EDCD-41EB-9EBB-AB6DFEC7AAA9}"
EndProject
Project("{FAE04EC0-301F-11D3-BF4B-00C04F79EFBC}") = "Game.Shared", "src\Game.Shared\Game.Shared.csproj", "{59D6F395-BB01-4242-A66A-DF5020015783}"
EndProject
Project("{FAE04EC0-301F-11D3-BF4B-00C04F79EFBC}") = "Game.Infrastructure", "src\Game.Infrastructure\Game.Infrastructure.csproj", "{C7E187EC-5604-4683-9CA0-AFE4F4BA2980}"
EndProject
Project("{FAE04EC0-301F-11D3-BF4B-00C04F79EFBC}") = "Game.Realtime", "src\Game.Realtime\Game.Realtime.csproj", "{2B8D1C90-A7A6-4F97-A1CA-8772DC44D440}"
EndProject
Project("{FAE04EC0-301F-11D3-BF4B-00C04F79EFBC}") = "Game.Server", "src\Game.Server\Game.Server.csproj", "{7923189D-DECC-47C2-8926-10AA7A288AFA}"
EndProject
Global
	GlobalSection(SolutionConfigurationPlatforms) = preSolution
		Debug|Any CPU = Debug|Any CPU
		Debug|x64 = Debug|x64
		Debug|x86 = Debug|x86
		Release|Any CPU = Release|Any CPU
		Release|x64 = Release|x64
		Release|x86 = Release|x86
	EndGlobalSection
	GlobalSection(ProjectConfigurationPlatforms) = postSolution
		{6BD52022-6D81-4301-8C86-8E1E5102DB1A}.Debug|Any CPU.ActiveCfg = Debug|Any CPU
		{6BD52022-6D81-4301-8C86-8E1E5102DB1A}.Debug|Any CPU.Build.0 = Debug|Any CPU
		{6BD52022-6D81-4301-8C86-8E1E5102DB1A}.Debug|x64.ActiveCfg = Debug|Any CPU
		{6BD52022-6D81-4301-8C86-8E1E5102DB1A}.Debug|x64.Build.0 = Debug|Any CPU
		{6BD52022-6D81-4301-8C86-8E1E5102DB1A}.Debug|x86.ActiveCfg = Debug|Any CPU
		{6BD52022-6D81-4301-8C86-8E1E5102DB1A}.Debug|x86.Build.0 = Debug|Any CPU
		{6BD52022-6D81-4301-8C86-8E1E5102DB1A}.Release|Any CPU.ActiveCfg = Release|Any CPU
		{6BD52022-6D81-4301-8C86-8E1E5102DB1A}.Release|Any CPU.Build.0 = Release|Any CPU
		{6BD52022-6D81-4301-8C86-8E1E5102DB1A}.Release|x64.ActiveCfg = Release|Any CPU
		{6BD52022-6D81-4301-8C86-8E1E5102DB1A}.Release|x64.Build.0 = Release|Any CPU
		{6BD52022-6D81-4301-8C86-8E1E5102DB1A}.Release|x86.ActiveCfg = Release|Any CPU
		{6BD52022-6D81-4301-8C86-8E1E5102DB1A}.Release|x86.Build.0 = Release|Any CPU
		{643DC7D6-1A56-4EC3-8787-603574E8B61F}.Debug|Any CPU.ActiveCfg = Debug|Any CPU
		{643DC7D6-1A56-4EC3-8787-603574E8B61F}.Debug|Any CPU.Build.0 = Debug|Any CPU
		{643DC7D6-1A56-4EC3-8787-603574E8B61F}.Debug|x64.ActiveCfg = Debug|Any CPU
		{643DC7D6-1A56-4EC3-8787-603574E8B61F}.Debug|x64.Build.0 = Debug|Any CPU
		{643DC7D6-1A56-4EC3-8787-603574E8B61F}.Debug|x86.ActiveCfg = Debug|Any CPU
		{643DC7D6-1A56-4EC3-8787-603574E8B61F}.Debug|x86.Build.0 = Debug|Any CPU
		{643DC7D6-1A56-4EC3-8787-603574E8B61F}.Release|Any CPU.ActiveCfg = Release|Any CPU
		{643DC7D6-1A56-4EC3-8787-603574E8B61F}.Release|Any CPU.Build.0 = Release|Any CPU
		{643DC7D6-1A56-4EC3-8787-603574E8B61F}.Release|x64.ActiveCfg = Release|Any CPU
		{643DC7D6-1A56-4EC3-8787-603574E8B61F}.Release|x64.Build.0 = Release|Any CPU
		{643DC7D6-1A56-4EC3-8787-603574E8B61F}.Release|x86.ActiveCfg = Release|Any CPU
		{643DC7D6-1A56-4EC3-8787-603574E8B61F}.Release|x86.Build.0 = Release|Any CPU
		{07B06F30-EDCD-41EB-9EBB-AB6DFEC7AAA9}.Debug|Any CPU.ActiveCfg = Debug|Any CPU
		{07B06F30-EDCD-41EB-9EBB-AB6DFEC7AAA9}.Debug|Any CPU.Build.0 = Debug|Any CPU
		{07B06F30-EDCD-41EB-9EBB-AB6DFEC7AAA9}.Debug|x64.ActiveCfg = Debug|Any CPU
		{07B06F30-EDCD-41EB-9EBB-AB6DFEC7AAA9}.Debug|x64.Build.0 = Debug|Any CPU
		{07B06F30-EDCD-41EB-9EBB-AB6DFEC7AAA9}.Debug|x86.ActiveCfg = Debug|Any CPU
		{07B06F30-EDCD-41EB-9EBB-AB6DFEC7AAA9}.Debug|x86.Build.0 = Debug|Any CPU
		{07B06F30-EDCD-41EB-9EBB-AB6DFEC7AAA9}.Release|Any CPU.ActiveCfg = Release|Any CPU
		{07B06F30-EDCD-41EB-9EBB-AB6DFEC7AAA9}.Release|Any CPU.Build.0 = Release|Any CPU
		{07B06F30-EDCD-41EB-9EBB-AB6DFEC7AAA9}.Release|x64.ActiveCfg = Release|Any CPU
		{07B06F30-EDCD-41EB-9EBB-AB6DFEC7AAA9}.Release|x64.Build.0 = Release|Any CPU
		{07B06F30-EDCD-41EB-9EBB-AB6DFEC7AAA9}.Release|x86.ActiveCfg = Release|Any CPU
		{07B06F30-EDCD-41EB-9EBB-AB6DFEC7AAA9}.Release|x86.Build.0 = Release|Any CPU
		{59D6F395-BB01-4242-A66A-DF5020015783}.Debug|Any CPU.ActiveCfg = Debug|Any CPU
		{59D6F395-BB01-4242-A66A-DF5020015783}.Debug|Any CPU.Build.0 = Debug|Any CPU
		{59D6F395-BB01-4242-A66A-DF5020015783}.Debug|x64.ActiveCfg = Debug|Any CPU
		{59D6F395-BB01-4242-A66A-DF5020015783}.Debug|x64.Build.0 = Debug|Any CPU
		{59D6F395-BB01-4242-A66A-DF5020015783}.Debug|x86.ActiveCfg = Debug|Any CPU
		{59D6F395-BB01-4242-A66A-DF5020015783}.Debug|x86.Build.0 = Debug|Any CPU
		{59D6F395-BB01-4242-A66A-DF5020015783}.Release|Any CPU.ActiveCfg = Release|Any CPU
		{59D6F395-BB01-4242-A66A-DF5020015783}.Release|Any CPU.Build.0 = Release|Any CPU
		{59D6F395-BB01-4242-A66A-DF5020015783}.Release|x64.ActiveCfg = Release|Any CPU
		{59D6F395-BB01-4242-A66A-DF5020015783}.Release|x64.Build.0 = Release|Any CPU
		{59D6F395-BB01-4242-A66A-DF5020015783}.Release|x86.ActiveCfg = Release|Any CPU
		{59D6F395-BB01-4242-A66A-DF5020015783}.Release|x86.Build.0 = Release|Any CPU
		{C7E187EC-5604-4683-9CA0-AFE4F4BA2980}.Debug|Any CPU.ActiveCfg = Debug|Any CPU
		{C7E187EC-5604-4683-9CA0-AFE4F4BA2980}.Debug|Any CPU.Build.0 = Debug|Any CPU
		{C7E187EC-5604-4683-9CA0-AFE4F4BA2980}.Debug|x64.ActiveCfg = Debug|Any CPU
		{C7E187EC-5604-4683-9CA0-AFE4F4BA2980}.Debug|x64.Build.0 = Debug|Any CPU
		{C7E187EC-5604-4683-9CA0-AFE4F4BA2980}.Debug|x86.ActiveCfg = Debug|Any CPU
		{C7E187EC-5604-4683-9CA0-AFE4F4BA2980}.Debug|x86.Build.0 = Debug|Any CPU
		{C7E187EC-5604-4683-9CA0-AFE4F4BA2980}.Release|Any CPU.ActiveCfg = Release|Any CPU
		{C7E187EC-5604-4683-9CA0-AFE4F4BA2980}.Release|Any CPU.Build.0 = Release|Any CPU
		{C7E187EC-5604-4683-9CA0-AFE4F4BA2980}.Release|x64.ActiveCfg = Release|Any CPU
		{C7E187EC-5604-4683-9CA0-AFE4F4BA2980}.Release|x64.Build.0 = Release|Any CPU
		{C7E187EC-5604-4683-9CA0-AFE4F4BA2980}.Release|x86.ActiveCfg = Release|Any CPU
		{C7E187EC-5604-4683-9CA0-AFE4F4BA2980}.Release|x86.Build.0 = Release|Any CPU
		{2B8D1C90-A7A6-4F97-A1CA-8772DC44D440}.Debug|Any CPU.ActiveCfg = Debug|Any CPU
		{2B8D1C90-A7A6-4F97-A1CA-8772DC44D440}.Debug|Any CPU.Build.0 = Debug|Any CPU
		{2B8D1C90-A7A6-4F97-A1CA-8772DC44D440}.Debug|x64.ActiveCfg = Debug|Any CPU
		{2B8D1C90-A7A6-4F97-A1CA-8772DC44D440}.Debug|x64.Build.0 = Debug|Any CPU
		{2B8D1C90-A7A6-4F97-A1CA-8772DC44D440}.Debug|x86.ActiveCfg = Debug|Any CPU
		{2B8D1C90-A7A6-4F97-A1CA-8772DC44D440}.Debug|x86.Build.0 = Debug|Any CPU
		{2B8D1C90-A7A6-4F97-A1CA-8772DC44D440}.Release|Any CPU.ActiveCfg = Release|Any CPU
		{2B8D1C90-A7A6-4F97-A1CA-8772DC44D440}.Release|Any CPU.Build.0 = Release|Any CPU
		{2B8D1C90-A7A6-4F97-A1CA-8772DC44D440}.Release|x64.ActiveCfg = Release|Any CPU
		{2B8D1C90-A7A6-4F97-A1CA-8772DC44D440}.Release|x64.Build.0 = Release|Any CPU
		{2B8D1C90-A7A6-4F97-A1CA-8772DC44D440}.Release|x86.ActiveCfg = Release|Any CPU
		{2B8D1C90-A7A6-4F97-A1CA-8772DC44D440}.Release|x86.Build.0 = Release|Any CPU
		{7923189D-DECC-47C2-8926-10AA7A288AFA}.Debug|Any CPU.ActiveCfg = Debug|Any CPU
		{7923189D-DECC-47C2-8926-10AA7A288AFA}.Debug|Any CPU.Build.0 = Debug|Any CPU
		{7923189D-DECC-47C2-8926-10AA7A288AFA}.Debug|x64.ActiveCfg = Debug|Any CPU
		{7923189D-DECC-47C2-8926-10AA7A288AFA}.Debug|x64.Build.0 = Debug|Any CPU
		{7923189D-DECC-47C2-8926-10AA7A288AFA}.Debug|x86.ActiveCfg = Debug|Any CPU
		{7923189D-DECC-47C2-8926-10AA7A288AFA}.Debug|x86.Build.0 = Debug|Any CPU
		{7923189D-DECC-47C2-8926-10AA7A288AFA}.Release|Any CPU.ActiveCfg = Release|Any CPU
		{7923189D-DECC-47C2-8926-10AA7A288AFA}.Release|Any CPU.Build.0 = Release|Any CPU
		{7923189D-DECC-47C2-8926-10AA7A288AFA}.Release|x64.ActiveCfg = Release|Any CPU
		{7923189D-DECC-47C2-8926-10AA7A288AFA}.Release|x64.Build.0 = Release|Any CPU
		{7923189D-DECC-47C2-8926-10AA7A288AFA}.Release|x86.ActiveCfg = Release|Any CPU
		{7923189D-DECC-47C2-8926-10AA7A288AFA}.Release|x86.Build.0 = Release|Any CPU
	EndGlobalSection
	GlobalSection(SolutionProperties) = preSolution
		HideSolutionNode = FALSE
	EndGlobalSection
	GlobalSection(NestedProjects) = preSolution
		{6BD52022-6D81-4301-8C86-8E1E5102DB1A} = {827E0CD3-B72D-47B6-A68D-7590B98EB39B}
		{643DC7D6-1A56-4EC3-8787-603574E8B61F} = {827E0CD3-B72D-47B6-A68D-7590B98EB39B}
		{07B06F30-EDCD-41EB-9EBB-AB6DFEC7AAA9} = {827E0CD3-B72D-47B6-A68D-7590B98EB39B}
		{59D6F395-BB01-4242-A66A-DF5020015783} = {827E0CD3-B72D-47B6-A68D-7590B98EB39B}
		{C7E187EC-5604-4683-9CA0-AFE4F4BA2980} = {827E0CD3-B72D-47B6-A68D-7590B98EB39B}
		{2B8D1C90-A7A6-4F97-A1CA-8772DC44D440} = {827E0CD3-B72D-47B6-A68D-7590B98EB39B}
		{7923189D-DECC-47C2-8926-10AA7A288AFA} = {827E0CD3-B72D-47B6-A68D-7590B98EB39B}
	EndGlobalSection
EndGlobal
